
Microsoft Visual Studio Solution File, Format Version 12.00
# Visual Studio Version 16
VisualStudioVersion = 16.0.31424.327
MinimumVisualStudioVersion = 10.0.40219.1
Project("{9A19103F-16F7-4668-BE54-9A1E7A4F7556}") = "LapTrinhHDT", "LapTrinhHDT\LapTrinhHDT.csproj", "{3B5A5F70-4820-43B1-A634-54C6BD6A58B4}"
EndProject
Project("{9A19103F-16F7-4668-BE54-9A1E7A4F7556}") = "LTHDT_web", "LTHDT_web\LTHDT_web.csproj", "{A179875B-AF9E-4D1F-9C31-192D9F80AF01}"
EndProject
Project("{9A19103F-16F7-4668-BE54-9A1E7A4F7556}") = "Entities", "Entities\Entities.csproj", "{74AC7416-3533-4687-B2A1-FC176EFEE696}"
EndProject
Project("{9A19103F-16F7-4668-BE54-9A1E7A4F7556}") = "Services", "Services\Services.csproj", "{C23B9466-569E-4892-A983-A080B07CC0AA}"
EndProject
Project("{9A19103F-16F7-4668-BE54-9A1E7A4F7556}") = "DAL", "DAL\DAL.csproj", "{235880DB-07B5-4A14-94C1-796A850FD9CA}"
EndProject
Global
	GlobalSection(SolutionConfigurationPlatforms) = preSolution
		Debug|Any CPU = Debug|Any CPU
		Release|Any CPU = Release|Any CPU
	EndGlobalSection
	GlobalSection(ProjectConfigurationPlatforms) = postSolution
		{3B5A5F70-4820-43B1-A634-54C6BD6A58B4}.Debug|Any CPU.ActiveCfg = Debug|Any CPU
		{3B5A5F70-4820-43B1-A634-54C6BD6A58B4}.Debug|Any CPU.Build.0 = Debug|Any CPU
		{3B5A5F70-4820-43B1-A634-54C6BD6A58B4}.Release|Any CPU.ActiveCfg = Release|Any CPU
		{3B5A5F70-4820-43B1-A634-54C6BD6A58B4}.Release|Any CPU.Build.0 = Release|Any CPU
		{A179875B-AF9E-4D1F-9C31-192D9F80AF01}.Debug|Any CPU.ActiveCfg = Debug|Any CPU
		{A179875B-AF9E-4D1F-9C31-192D9F80AF01}.Debug|Any CPU.Build.0 = Debug|Any CPU
		{A179875B-AF9E-4D1F-9C31-192D9F80AF01}.Release|Any CPU.ActiveCfg = Release|Any CPU
		{A179875B-AF9E-4D1F-9C31-192D9F80AF01}.Release|Any CPU.Build.0 = Release|Any CPU
		{74AC7416-3533-4687-B2A1-FC176EFEE696}.Debug|Any CPU.ActiveCfg = Debug|Any CPU
		{74AC7416-3533-4687-B2A1-FC176EFEE696}.Debug|Any CPU.Build.0 = Debug|Any CPU
		{74AC7416-3533-4687-B2A1-FC176EFEE696}.Release|Any CPU.ActiveCfg = Release|Any CPU
		{74AC7416-3533-4687-B2A1-FC176EFEE696}.Release|Any CPU.Build.0 = Release|Any CPU
		{C23B9466-569E-4892-A983-A080B07CC0AA}.Debug|Any CPU.ActiveCfg = Debug|Any CPU
		{C23B9466-569E-4892-A983-A080B07CC0AA}.Debug|Any CPU.Build.0 = Debug|Any CPU
		{C23B9466-569E-4892-A983-A080B07CC0AA}.Release|Any CPU.ActiveCfg = Release|Any CPU
		{C23B9466-569E-4892-A983-A080B07CC0AA}.Release|Any CPU.Build.0 = Release|Any CPU
		{235880DB-07B5-4A14-94C1-796A850FD9CA}.Debug|Any CPU.ActiveCfg = Debug|Any CPU
		{235880DB-07B5-4A14-94C1-796A850FD9CA}.Debug|Any CPU.Build.0 = Debug|Any CPU
		{235880DB-07B5-4A14-94C1-796A850FD9CA}.Release|Any CPU.ActiveCfg = Release|Any CPU
		{235880DB-07B5-4A14-94C1-796A850FD9CA}.Release|Any CPU.Build.0 = Release|Any CPU
	EndGlobalSection
	GlobalSection(SolutionProperties) = preSolution
		HideSolutionNode = FALSE
	EndGlobalSection
	GlobalSection(ExtensibilityGlobals) = postSolution
		SolutionGuid = {A4A493CE-D836-4B76-87B5-BA5817D8033A}
	EndGlobalSection
EndGlobal
